
Microsoft Visual Studio Solution File, Format Version 12.00
# Visual Studio Version 17
VisualStudioVersion = 17.2.32519.379
MinimumVisualStudioVersion = 10.0.40219.1
Project("{9A19103F-16F7-4668-BE54-9A1E7A4F7556}") = "ORM Dapper", "ORM Dapper.csproj", "{B2C771CC-E952-4AF4-B05E-06A5D94D0D69}"
EndProject
Global
	GlobalSection(SolutionConfigurationPlatforms) = preSolution
		Debug|Any CPU = Debug|Any CPU
		Release|Any CPU = Release|Any CPU
	EndGlobalSection
	GlobalSection(ProjectConfigurationPlatforms) = postSolution
		{B2C771CC-E952-4AF4-B05E-06A5D94D0D69}.Debug|Any CPU.ActiveCfg = Debug|Any CPU
		{B2C771CC-E952-4AF4-B05E-06A5D94D0D69}.Debug|Any CPU.Build.0 = Debug|Any CPU
		{B2C771CC-E952-4AF4-B05E-06A5D94D0D69}.Release|Any CPU.ActiveCfg = Release|Any CPU
		{B2C771CC-E952-4AF4-B05E-06A5D94D0D69}.Release|Any CPU.Build.0 = Release|Any CPU
	EndGlobalSection
	GlobalSection(SolutionProperties) = preSolution
		HideSolutionNode = FALSE
	EndGlobalSection
	GlobalSection(ExtensibilityGlobals) = postSolution
		SolutionGuid = {6D77E3C5-0DE7-47BC-874A-EE31757DE958}
	EndGlobalSection
EndGlobal
